
Microsoft Visual Studio Solution File, Format Version 12.00
# Visual Studio 15
VisualStudioVersion = 15.0.27004.2002
MinimumVisualStudioVersion = 10.0.40219.1
Project("{FAE04EC0-301F-11D3-BF4B-00C04F79EFBC}") = "SimpleBlog", "SimpleBlog\SimpleBlog.csproj", "{C552BE40-D5B2-4577-8460-028C6C396291}"
EndProject
Global
	GlobalSection(SolutionConfigurationPlatforms) = preSolution
		Debug|Any CPU = Debug|Any CPU
		Release|Any CPU = Release|Any CPU
	EndGlobalSection
	GlobalSection(ProjectConfigurationPlatforms) = postSolution
		{C552BE40-D5B2-4577-8460-028C6C396291}.Debug|Any CPU.ActiveCfg = Debug|Any CPU
		{C552BE40-D5B2-4577-8460-028C6C396291}.Debug|Any CPU.Build.0 = Debug|Any CPU
		{C552BE40-D5B2-4577-8460-028C6C396291}.Release|Any CPU.ActiveCfg = Release|Any CPU
		{C552BE40-D5B2-4577-8460-028C6C396291}.Release|Any CPU.Build.0 = Release|Any CPU
	EndGlobalSection
	GlobalSection(SolutionProperties) = preSolution
		HideSolutionNode = FALSE
	EndGlobalSection
	GlobalSection(ExtensibilityGlobals) = postSolution
		SolutionGuid = {29F0F33D-AC61-4225-A7AB-D8FFFC0C6B20}
	EndGlobalSection
EndGlobal
